# generated by rye
# use `rye lock` or `rye sync` to update this lockfile
#
# last locked with the following flags:
#   pre: false
#   features: []
#   all-features: false
#   with-sources: false

-e file:.
contourpy==1.1.1
    # via matplotlib
cycler==0.12.1
    # via matplotlib
fonttools==4.50.0
    # via matplotlib
importlib-resources==6.4.0
    # via matplotlib
kiwisolver==1.4.5
    # via matplotlib
matplotlib==3.7.5
    # via ase
numpy==1.24.4
    # via ase
    # via contourpy
    # via matplotlib
    # via scipy
packaging==24.0
    # via matplotlib
pillow==10.3.0
    # via matplotlib
pyparsing==3.1.2
    # via matplotlib
python-dateutil==2.9.0.post0
    # via matplotlib
scipy==1.10.1
    # via ase
six==1.16.0
    # via python-dateutil
zipp==3.18.1
    # via importlib-resources
